{
  "name": "jsparse",
  "version": "1.0.0",
  "lockfileVersion": 1,
  "requires": true,
  "dependencies": {
    "scalameta-parsers": {
      "version": "4.4.17",
      "resolved": "https://registry.npmjs.org/scalameta-parsers/-/scalameta-parsers-4.4.17.tgz",
      "integrity": "sha512-h1N6eFcuAMiHc9MgoYdOEmmLlyMq6fhkK1AVDTXBaaPl4X/Aoq78Uu3tgnAiCfzyB3WxyKvkIeN045bZ+54IEw=="
    }
  }
}
